
Microsoft Visual Studio Solution File, Format Version 12.00
# Visual Studio Version 17
VisualStudioVersion = 17.4.33103.184
MinimumVisualStudioVersion = 10.0.40219.1
Project("{FAE04EC0-301F-11D3-BF4B-00C04F79EFBC}") = "SupermarketConsoleApp", "SupermarketConsoleApp\SupermarketConsoleApp.csproj", "{31686BB8-CDEC-4805-A2CC-E35AC726B6DD}"
EndProject
Global
	GlobalSection(SolutionConfigurationPlatforms) = preSolution
		Debug|Any CPU = Debug|Any CPU
		Release|Any CPU = Release|Any CPU
	EndGlobalSection
	GlobalSection(ProjectConfigurationPlatforms) = postSolution
		{31686BB8-CDEC-4805-A2CC-E35AC726B6DD}.Debug|Any CPU.ActiveCfg = Debug|Any CPU
		{31686BB8-CDEC-4805-A2CC-E35AC726B6DD}.Debug|Any CPU.Build.0 = Debug|Any CPU
		{31686BB8-CDEC-4805-A2CC-E35AC726B6DD}.Release|Any CPU.ActiveCfg = Release|Any CPU
		{31686BB8-CDEC-4805-A2CC-E35AC726B6DD}.Release|Any CPU.Build.0 = Release|Any CPU
	EndGlobalSection
	GlobalSection(SolutionProperties) = preSolution
		HideSolutionNode = FALSE
	EndGlobalSection
	GlobalSection(ExtensibilityGlobals) = postSolution
		SolutionGuid = {BC9ABF14-4C33-41EF-96CC-815C9AA5D694}
	EndGlobalSection
EndGlobal
